Microsoft Visual Studio Solution File, Format Version 11.00
# Visual Studio 2008

Project("{0BEA423A-4623-03B2-E20E-1B15DCB0D6FA}") = "Space Shooter Tutorial", "Assembly-CSharp.csproj", "{C6DE2362-54B9-37F0-3FAC-49287BDC06F8}"
EndProject
Global
	GlobalSection(SolutionConfigurationPlatforms) = preSolution
		Debug|Any CPU = Debug|Any CPU
		Release|Any CPU = Release|Any CPU
	EndGlobalSection
	GlobalSection(ProjectConfigurationPlatforms) = postSolution
		{C6DE2362-54B9-37F0-3FAC-49287BDC06F8}.Debug|Any CPU.ActiveCfg = Debug|Any CPU
		{C6DE2362-54B9-37F0-3FAC-49287BDC06F8}.Debug|Any CPU.Build.0 = Debug|Any CPU
		{C6DE2362-54B9-37F0-3FAC-49287BDC06F8}.Release|Any CPU.ActiveCfg = Release|Any CPU
		{C6DE2362-54B9-37F0-3FAC-49287BDC06F8}.Release|Any CPU.Build.0 = Release|Any CPU
	EndGlobalSection
	GlobalSection(SolutionProperties) = preSolution
		HideSolutionNode = FALSE
	EndGlobalSection
	GlobalSection(MonoDevelopProperties) = preSolution
		StartupItem = Assembly-CSharp.csproj
	EndGlobalSection
EndGlobal
